// !$*UTF8*$!
{
	archiveVersion = 1;
	classes = {
	};
	objectVersion = 51;
	objects = {

/* Begin PBXBuildFile section */
		2D59C5FEC9E07EE187F12792 /* Pods_Flickr_GalleryUITests.framework in Frameworks */ = {isa = PBXBuildFile; fileRef = B52E137E1050DC6BAFA1B115 /* Pods_Flickr_GalleryUITests.framework */; };
		2F7953CA251000C100220D0D /* Photos.swift in Sources */ = {isa = PBXBuildFile; fileRef = 2F7953C9251000C100220D0D /* Photos.swift */; };
		2F7953CB251000C100220D0D /* Photos.swift in Sources */ = {isa = PBXBuildFile; fileRef = 2F7953C9251000C100220D0D /* Photos.swift */; };
		2F7953CC251000C100220D0D /* Photos.swift in Sources */ = {isa = PBXBuildFile; fileRef = 2F7953C9251000C100220D0D /* Photos.swift */; };
		2F7953CF2510053900220D0D /* URLManager.swift in Sources */ = {isa = PBXBuildFile; fileRef = 2F7953CE2510053900220D0D /* URLManager.swift */; };
		2F7953D02510053900220D0D /* URLManager.swift in Sources */ = {isa = PBXBuildFile; fileRef = 2F7953CE2510053900220D0D /* URLManager.swift */; };
		2F7953D12510053900220D0D /* URLManager.swift in Sources */ = {isa = PBXBuildFile; fileRef = 2F7953CE2510053900220D0D /* URLManager.swift */; };
		2F7953D3251005D200220D0D /* JSONDecoder.swift in Sources */ = {isa = PBXBuildFile; fileRef = 2F7953D2251005D200220D0D /* JSONDecoder.swift */; };
		2F7953D4251005D200220D0D /* JSONDecoder.swift in Sources */ = {isa = PBXBuildFile; fileRef = 2F7953D2251005D200220D0D /* JSONDecoder.swift */; };
		2F7953D5251005D200220D0D /* JSONDecoder.swift in Sources */ = {isa = PBXBuildFile; fileRef = 2F7953D2251005D200220D0D /* JSONDecoder.swift */; };
		2F7953D7251006D900220D0D /* FlickrAPI.swift in Sources */ = {isa = PBXBuildFile; fileRef = 2F7953D6251006D900220D0D /* FlickrAPI.swift */; };
		2F7953D8251006D900220D0D /* FlickrAPI.swift in Sources */ = {isa = PBXBuildFile; fileRef = 2F7953D6251006D900220D0D /* FlickrAPI.swift */; };
		2F7953D9251006D900220D0D /* FlickrAPI.swift in Sources */ = {isa = PBXBuildFile; fileRef = 2F7953D6251006D900220D0D /* FlickrAPI.swift */; };
		2F7953DB25100A4D00220D0D /* urls.json in Resources */ = {isa = PBXBuildFile; fileRef = 2F7953DA25100A4D00220D0D /* urls.json */; };
		2F7953DC25100A4D00220D0D /* urls.json in Resources */ = {isa = PBXBuildFile; fileRef = 2F7953DA25100A4D00220D0D /* urls.json */; };
		2F7953DD25100A4D00220D0D /* urls.json in Resources */ = {isa = PBXBuildFile; fileRef = 2F7953DA25100A4D00220D0D /* urls.json */; };
		2F7953E025100AE200220D0D /* SearchService.swift in Sources */ = {isa = PBXBuildFile; fileRef = 2F7953DF25100AE200220D0D /* SearchService.swift */; };
		2F7953E125100AE200220D0D /* SearchService.swift in Sources */ = {isa = PBXBuildFile; fileRef = 2F7953DF25100AE200220D0D /* SearchService.swift */; };
		2F7953E225100AE200220D0D /* SearchService.swift in Sources */ = {isa = PBXBuildFile; fileRef = 2F7953DF25100AE200220D0D /* SearchService.swift */; };
		2F7953E525100B9C00220D0D /* SearchViewModel.swift in Sources */ = {isa = PBXBuildFile; fileRef = 2F7953E425100B9C00220D0D /* SearchViewModel.swift */; };
		2F7953E625100B9C00220D0D /* SearchViewModel.swift in Sources */ = {isa = PBXBuildFile; fileRef = 2F7953E425100B9C00220D0D /* SearchViewModel.swift */; };
		2F7953E725100B9C00220D0D /* SearchViewModel.swift in Sources */ = {isa = PBXBuildFile; fileRef = 2F7953E425100B9C00220D0D /* SearchViewModel.swift */; };
		2F7953E92510265000220D0D /* APIConstants.swift in Sources */ = {isa = PBXBuildFile; fileRef = 2F7953E82510265000220D0D /* APIConstants.swift */; };
		2F7953EA2510265000220D0D /* APIConstants.swift in Sources */ = {isa = PBXBuildFile; fileRef = 2F7953E82510265000220D0D /* APIConstants.swift */; };
		2F7953EB2510265000220D0D /* APIConstants.swift in Sources */ = {isa = PBXBuildFile; fileRef = 2F7953E82510265000220D0D /* APIConstants.swift */; };
		2F7953ED25102B1500220D0D /* PhotoSizes.swift in Sources */ = {isa = PBXBuildFile; fileRef = 2F7953EC25102B1500220D0D /* PhotoSizes.swift */; };
		2F7953EE25102B1500220D0D /* PhotoSizes.swift in Sources */ = {isa = PBXBuildFile; fileRef = 2F7953EC25102B1500220D0D /* PhotoSizes.swift */; };
		2F7953EF25102B1500220D0D /* PhotoSizes.swift in Sources */ = {isa = PBXBuildFile; fileRef = 2F7953EC25102B1500220D0D /* PhotoSizes.swift */; };
		2F7953F1251037E500220D0D /* PhotosService.swift in Sources */ = {isa = PBXBuildFile; fileRef = 2F7953F0251037E500220D0D /* PhotosService.swift */; };
		2F7953F2251037E500220D0D /* PhotosService.swift in Sources */ = {isa = PBXBuildFile; fileRef = 2F7953F0251037E500220D0D /* PhotosService.swift */; };
		2F7953F3251037E500220D0D /* PhotosService.swift in Sources */ = {isa = PBXBuildFile; fileRef = 2F7953F0251037E500220D0D /* PhotosService.swift */; };
		2F7953F625103DE300220D0D /* Constants.swift in Sources */ = {isa = PBXBuildFile; fileRef = 2F7953F525103DE300220D0D /* Constants.swift */; };
		2F7953F725103DE300220D0D /* Constants.swift in Sources */ = {isa = PBXBuildFile; fileRef = 2F7953F525103DE300220D0D /* Constants.swift */; };
		2F7953F825103DE300220D0D /* Constants.swift in Sources */ = {isa = PBXBuildFile; fileRef = 2F7953F525103DE300220D0D /* Constants.swift */; };
		2F7953FB2510EDF400220D0D /* PhotoCollectionViewCell.swift in Sources */ = {isa = PBXBuildFile; fileRef = 2F7953FA2510EDF400220D0D /* PhotoCollectionViewCell.swift */; };
		2F7953FC2510EDF400220D0D /* PhotoCollectionViewCell.swift in Sources */ = {isa = PBXBuildFile; fileRef = 2F7953FA2510EDF400220D0D /* PhotoCollectionViewCell.swift */; };
		2F7953FD2510EDF400220D0D /* PhotoCollectionViewCell.swift in Sources */ = {isa = PBXBuildFile; fileRef = 2F7953FA2510EDF400220D0D /* PhotoCollectionViewCell.swift */; };
		2FC19E08250FBB9300D205F8 /* AppDelegate.swift in Sources */ = {isa = PBXBuildFile; fileRef = 2FC19E07250FBB9300D205F8 /* AppDelegate.swift */; };
		2FC19E0A250FBB9300D205F8 /* SceneDelegate.swift in Sources */ = {isa = PBXBuildFile; fileRef = 2FC19E09250FBB9300D205F8 /* SceneDelegate.swift */; };
		2FC19E11250FBBA200D205F8 /* Assets.xcassets in Resources */ = {isa = PBXBuildFile; fileRef = 2FC19E10250FBBA200D205F8 /* Assets.xcassets */; };
		2FC19E14250FBBA200D205F8 /* LaunchScreen.storyboard in Resources */ = {isa = PBXBuildFile; fileRef = 2FC19E12250FBBA200D205F8 /* LaunchScreen.storyboard */; };
		2FC19E1F250FBBA300D205F8 /* Flickr_GalleryTests.swift in Sources */ = {isa = PBXBuildFile; fileRef = 2FC19E1E250FBBA300D205F8 /* Flickr_GalleryTests.swift */; };
		2FC19E2A250FBBA300D205F8 /* Flickr_GalleryUITests.swift in Sources */ = {isa = PBXBuildFile; fileRef = 2FC19E29250FBBA300D205F8 /* Flickr_GalleryUITests.swift */; };
		2FC19E3A250FC4C200D205F8 /* FlickrViewController.swift in Sources */ = {isa = PBXBuildFile; fileRef = 2FC19E39250FC4C200D205F8 /* FlickrViewController.swift */; };
		2FC19E3B250FC4C200D205F8 /* FlickrViewController.swift in Sources */ = {isa = PBXBuildFile; fileRef = 2FC19E39250FC4C200D205F8 /* FlickrViewController.swift */; };
		2FC19E3C250FC4C200D205F8 /* FlickrViewController.swift in Sources */ = {isa = PBXBuildFile; fileRef = 2FC19E39250FC4C200D205F8 /* FlickrViewController.swift */; };
		2FCEF2C22510F53200D1D98F /* LoadingView.swift in Sources */ = {isa = PBXBuildFile; fileRef = 2FCEF2C12510F53200D1D98F /* LoadingView.swift */; };
		2FCEF2C32510F53200D1D98F /* LoadingView.swift in Sources */ = {isa = PBXBuildFile; fileRef = 2FCEF2C12510F53200D1D98F /* LoadingView.swift */; };
		2FCEF2C42510F53200D1D98F /* LoadingView.swift in Sources */ = {isa = PBXBuildFile; fileRef = 2FCEF2C12510F53200D1D98F /* LoadingView.swift */; };
		2FCEF2C62510F54400D1D98F /* UIView+Extensions.swift in Sources */ = {isa = PBXBuildFile; fileRef = 2FCEF2C52510F54400D1D98F /* UIView+Extensions.swift */; };
		2FCEF2C72510F54400D1D98F /* UIView+Extensions.swift in Sources */ = {isa = PBXBuildFile; fileRef = 2FCEF2C52510F54400D1D98F /* UIView+Extensions.swift */; };
		2FCEF2C82510F54400D1D98F /* UIView+Extensions.swift in Sources */ = {isa = PBXBuildFile; fileRef = 2FCEF2C52510F54400D1D98F /* UIView+Extensions.swift */; };
		2FCEF2CE2510F91100D1D98F /* loading.json in Resources */ = {isa = PBXBuildFile; fileRef = 2FCEF2CD2510F91100D1D98F /* loading.json */; };
		2FCEF2CF2510F91100D1D98F /* loading.json in Resources */ = {isa = PBXBuildFile; fileRef = 2FCEF2CD2510F91100D1D98F /* loading.json */; };
		2FCEF2D02510F91100D1D98F /* loading.json in Resources */ = {isa = PBXBuildFile; fileRef = 2FCEF2CD2510F91100D1D98F /* loading.json */; };
		2FCEF2D2251108EE00D1D98F /* ErrorView.swift in Sources */ = {isa = PBXBuildFile; fileRef = 2FCEF2D1251108EE00D1D98F /* ErrorView.swift */; };
		2FCEF2D3251108EE00D1D98F /* ErrorView.swift in Sources */ = {isa = PBXBuildFile; fileRef = 2FCEF2D1251108EE00D1D98F /* ErrorView.swift */; };
		2FCEF2D4251108EE00D1D98F /* ErrorView.swift in Sources */ = {isa = PBXBuildFile; fileRef = 2FCEF2D1251108EE00D1D98F /* ErrorView.swift */; };
		2FCEF2D6251109BF00D1D98F /* UIColors+Extensions.swift in Sources */ = {isa = PBXBuildFile; fileRef = 2FCEF2D5251109BF00D1D98F /* UIColors+Extensions.swift */; };
		2FCEF2D7251109BF00D1D98F /* UIColors+Extensions.swift in Sources */ = {isa = PBXBuildFile; fileRef = 2FCEF2D5251109BF00D1D98F /* UIColors+Extensions.swift */; };
		2FCEF2D8251109BF00D1D98F /* UIColors+Extensions.swift in Sources */ = {isa = PBXBuildFile; fileRef = 2FCEF2D5251109BF00D1D98F /* UIColors+Extensions.swift */; };
		2FCEF2DA251172A800D1D98F /* MainNavigationViewController.swift in Sources */ = {isa = PBXBuildFile; fileRef = 2FCEF2D9251172A800D1D98F /* MainNavigationViewController.swift */; };
		2FCEF2DB251172A800D1D98F /* MainNavigationViewController.swift in Sources */ = {isa = PBXBuildFile; fileRef = 2FCEF2D9251172A800D1D98F /* MainNavigationViewController.swift */; };
		2FCEF2DC251172A800D1D98F /* MainNavigationViewController.swift in Sources */ = {isa = PBXBuildFile; fileRef = 2FCEF2D9251172A800D1D98F /* MainNavigationViewController.swift */; };
		437DF29F40A6C4622C9F927C /* Pods_Flickr_Gallery.framework in Frameworks */ = {isa = PBXBuildFile; fileRef = 7E3C55D08E2090A1D70DF3DE /* Pods_Flickr_Gallery.framework */; };
		7842AF4B96BC6980DE9F098F /* Pods_Flickr_GalleryTests.framework in Frameworks */ = {isa = PBXBuildFile; fileRef = 1A2DCD81818D4A8E2BC49EC1 /* Pods_Flickr_GalleryTests.framework */; };
/* End PBXBuildFile section */

/* Begin PBXContainerItemProxy section */
		2FC19E1B250FBBA300D205F8 /* PBXContainerItemProxy */ = {
			isa = PBXContainerItemProxy;
			containerPortal = 2FC19DFC250FBB9300D205F8 /* Project object */;
			proxyType = 1;
			remoteGlobalIDString = 2FC19E03250FBB9300D205F8;
			remoteInfo = "Flickr Gallery";
		};
		2FC19E26250FBBA300D205F8 /* PBXContainerItemProxy */ = {
			isa = PBXContainerItemProxy;
			containerPortal = 2FC19DFC250FBB9300D205F8 /* Project object */;
			proxyType = 1;
			remoteGlobalIDString = 2FC19E03250FBB9300D205F8;
			remoteInfo = "Flickr Gallery";
		};
/* End PBXContainerItemProxy section */

/* Begin PBXFileReference section */
		0CC5E331C2C7F7839CEBE01F /* Pods-Flickr GalleryUITests.debug.xcconfig */ = {isa = PBXFileReference; includeInIndex = 1; lastKnownFileType = text.xcconfig; name = "Pods-Flickr GalleryUITests.debug.xcconfig"; path = "Target Support Files/Pods-Flickr GalleryUITests/Pods-Flickr GalleryUITests.debug.xcconfig"; sourceTree = "<group>"; };
		1A2DCD81818D4A8E2BC49EC1 /* Pods_Flickr_GalleryTests.framework */ = {isa = PBXFileReference; explicitFileType = wrapper.framework; includeInIndex = 0; path = Pods_Flickr_GalleryTests.framework; sourceTree = BUILT_PRODUCTS_DIR; };
		1DD1D1BD35E685581C1B2993 /* Pods-Flickr GalleryTests.debug.xcconfig */ = {isa = PBXFileReference; includeInIndex = 1; lastKnownFileType = text.xcconfig; name = "Pods-Flickr GalleryTests.debug.xcconfig"; path = "Target Support Files/Pods-Flickr GalleryTests/Pods-Flickr GalleryTests.debug.xcconfig"; sourceTree = "<group>"; };
		247A9A8E251A4C82FE1D191E /* Pods-Flickr GalleryTests.release.xcconfig */ = {isa = PBXFileReference; includeInIndex = 1; lastKnownFileType = text.xcconfig; name = "Pods-Flickr GalleryTests.release.xcconfig"; path = "Target Support Files/Pods-Flickr GalleryTests/Pods-Flickr GalleryTests.release.xcconfig"; sourceTree = "<group>"; };
		2F7953C9251000C100220D0D /* Photos.swift */ = {isa = PBXFileReference; lastKnownFileType = sourcecode.swift; path = Photos.swift; sourceTree = "<group>"; };
		2F7953CE2510053900220D0D /* URLManager.swift */ = {isa = PBXFileReference; lastKnownFileType = sourcecode.swift; path = URLManager.swift; sourceTree = "<group>"; };
		2F7953D2251005D200220D0D /* JSONDecoder.swift */ = {isa = PBXFileReference; lastKnownFileType = sourcecode.swift; path = JSONDecoder.swift; sourceTree = "<group>"; };
		2F7953D6251006D900220D0D /* FlickrAPI.swift */ = {isa = PBXFileReference; lastKnownFileType = sourcecode.swift; path = FlickrAPI.swift; sourceTree = "<group>"; };
		2F7953DA25100A4D00220D0D /* urls.json */ = {isa = PBXFileReference; fileEncoding = 4; lastKnownFileType = text.json; path = urls.json; sourceTree = "<group>"; };
		2F7953DF25100AE200220D0D /* SearchService.swift */ = {isa = PBXFileReference; lastKnownFileType = sourcecode.swift; path = SearchService.swift; sourceTree = "<group>"; };
		2F7953E425100B9C00220D0D /* SearchViewModel.swift */ = {isa = PBXFileReference; lastKnownFileType = sourcecode.swift; path = SearchViewModel.swift; sourceTree = "<group>"; };
		2F7953E82510265000220D0D /* APIConstants.swift */ = {isa = PBXFileReference; lastKnownFileType = sourcecode.swift; path = APIConstants.swift; sourceTree = "<group>"; };
		2F7953EC25102B1500220D0D /* PhotoSizes.swift */ = {isa = PBXFileReference; lastKnownFileType = sourcecode.swift; path = PhotoSizes.swift; sourceTree = "<group>"; };
		2F7953F0251037E500220D0D /* PhotosService.swift */ = {isa = PBXFileReference; lastKnownFileType = sourcecode.swift; path = PhotosService.swift; sourceTree = "<group>"; };
		2F7953F525103DE300220D0D /* Constants.swift */ = {isa = PBXFileReference; lastKnownFileType = sourcecode.swift; path = Constants.swift; sourceTree = "<group>"; };
		2F7953FA2510EDF400220D0D /* PhotoCollectionViewCell.swift */ = {isa = PBXFileReference; lastKnownFileType = sourcecode.swift; path = PhotoCollectionViewCell.swift; sourceTree = "<group>"; };
		2FC19E04250FBB9300D205F8 /* Flickr Gallery.app */ = {isa = PBXFileReference; explicitFileType = wrapper.application; includeInIndex = 0; path = "Flickr Gallery.app"; sourceTree = BUILT_PRODUCTS_DIR; };
		2FC19E07250FBB9300D205F8 /* AppDelegate.swift */ = {isa = PBXFileReference; lastKnownFileType = sourcecode.swift; path = AppDelegate.swift; sourceTree = "<group>"; };
		2FC19E09250FBB9300D205F8 /* SceneDelegate.swift */ = {isa = PBXFileReference; lastKnownFileType = sourcecode.swift; path = SceneDelegate.swift; sourceTree = "<group>"; };
		2FC19E10250FBBA200D205F8 /* Assets.xcassets */ = {isa = PBXFileReference; lastKnownFileType = folder.assetcatalog; path = Assets.xcassets; sourceTree = "<group>"; };
		2FC19E13250FBBA200D205F8 /* Base */ = {isa = PBXFileReference; lastKnownFileType = file.storyboard; name = Base; path = Base.lproj/LaunchScreen.storyboard; sourceTree = "<group>"; };
		2FC19E15250FBBA200D205F8 /* Info.plist */ = {isa = PBXFileReference; lastKnownFileType = text.plist.xml; path = Info.plist; sourceTree = "<group>"; };
		2FC19E1A250FBBA300D205F8 /* Flickr GalleryTests.xctest */ = {isa = PBXFileReference; explicitFileType = wrapper.cfbundle; includeInIndex = 0; path = "Flickr GalleryTests.xctest"; sourceTree = BUILT_PRODUCTS_DIR; };
		2FC19E1E250FBBA300D205F8 /* Flickr_GalleryTests.swift */ = {isa = PBXFileReference; lastKnownFileType = sourcecode.swift; path = Flickr_GalleryTests.swift; sourceTree = "<group>"; };
		2FC19E20250FBBA300D205F8 /* Info.plist */ = {isa = PBXFileReference; lastKnownFileType = text.plist.xml; path = Info.plist; sourceTree = "<group>"; };
		2FC19E25250FBBA300D205F8 /* Flickr GalleryUITests.xctest */ = {isa = PBXFileReference; explicitFileType = wrapper.cfbundle; includeInIndex = 0; path = "Flickr GalleryUITests.xctest"; sourceTree = BUILT_PRODUCTS_DIR; };
		2FC19E29250FBBA300D205F8 /* Flickr_GalleryUITests.swift */ = {isa = PBXFileReference; lastKnownFileType = sourcecode.swift; path = Flickr_GalleryUITests.swift; sourceTree = "<group>"; };
		2FC19E2B250FBBA300D205F8 /* Info.plist */ = {isa = PBXFileReference; lastKnownFileType = text.plist.xml; path = Info.plist; sourceTree = "<group>"; };
		2FC19E39250FC4C200D205F8 /* FlickrViewController.swift */ = {isa = PBXFileReference; lastKnownFileType = sourcecode.swift; path = FlickrViewController.swift; sourceTree = "<group>"; };
		2FCEF2C12510F53200D1D98F /* LoadingView.swift */ = {isa = PBXFileReference; lastKnownFileType = sourcecode.swift; path = LoadingView.swift; sourceTree = "<group>"; };
		2FCEF2C52510F54400D1D98F /* UIView+Extensions.swift */ = {isa = PBXFileReference; lastKnownFileType = sourcecode.swift; path = "UIView+Extensions.swift"; sourceTree = "<group>"; };
		2FCEF2CD2510F91100D1D98F /* loading.json */ = {isa = PBXFileReference; fileEncoding = 4; lastKnownFileType = text.json; path = loading.json; sourceTree = "<group>"; };
		2FCEF2D1251108EE00D1D98F /* ErrorView.swift */ = {isa = PBXFileReference; lastKnownFileType = sourcecode.swift; path = ErrorView.swift; sourceTree = "<group>"; };
		2FCEF2D5251109BF00D1D98F /* UIColors+Extensions.swift */ = {isa = PBXFileReference; lastKnownFileType = sourcecode.swift; path = "UIColors+Extensions.swift"; sourceTree = "<group>"; };
		2FCEF2D9251172A800D1D98F /* MainNavigationViewController.swift */ = {isa = PBXFileReference; lastKnownFileType = sourcecode.swift; path = MainNavigationViewController.swift; sourceTree = "<group>"; };
		5E2A87B1161AE791D18E8682 /* Pods-Flickr Gallery.release.xcconfig */ = {isa = PBXFileReference; includeInIndex = 1; lastKnownFileType = text.xcconfig; name = "Pods-Flickr Gallery.release.xcconfig"; path = "Target Support Files/Pods-Flickr Gallery/Pods-Flickr Gallery.release.xcconfig"; sourceTree = "<group>"; };
		7E3C55D08E2090A1D70DF3DE /* Pods_Flickr_Gallery.framework */ = {isa = PBXFileReference; explicitFileType = wrapper.framework; includeInIndex = 0; path = Pods_Flickr_Gallery.framework; sourceTree = BUILT_PRODUCTS_DIR; };
		B52E137E1050DC6BAFA1B115 /* Pods_Flickr_GalleryUITests.framework */ = {isa = PBXFileReference; explicitFileType = wrapper.framework; includeInIndex = 0; path = Pods_Flickr_GalleryUITests.framework; sourceTree = BUILT_PRODUCTS_DIR; };
		D61E0C069927F0F49822C8D4 /* Pods-Flickr Gallery.debug.xcconfig */ = {isa = PBXFileReference; includeInIndex = 1; lastKnownFileType = text.xcconfig; name = "Pods-Flickr Gallery.debug.xcconfig"; path = "Target Support Files/Pods-Flickr Gallery/Pods-Flickr Gallery.debug.xcconfig"; sourceTree = "<group>"; };
		EF53B57FA4BC48D5A40FF6F5 /* Pods-Flickr GalleryUITests.release.xcconfig */ = {isa = PBXFileReference; includeInIndex = 1; lastKnownFileType = text.xcconfig; name = "Pods-Flickr GalleryUITests.release.xcconfig"; path = "Target Support Files/Pods-Flickr GalleryUITests/Pods-Flickr GalleryUITests.release.xcconfig"; sourceTree = "<group>"; };
/* End PBXFileReference section */

/* Begin PBXFrameworksBuildPhase section */
		2FC19E01250FBB9300D205F8 /* Frameworks */ = {
			isa = PBXFrameworksBuildPhase;
			buildActionMask = 2147483647;
			files = (
				437DF29F40A6C4622C9F927C /* Pods_Flickr_Gallery.framework in Frameworks */,
			);
			runOnlyForDeploymentPostprocessing = 0;
		};
		2FC19E17250FBBA300D205F8 /* Frameworks */ = {
			isa = PBXFrameworksBuildPhase;
			buildActionMask = 2147483647;
			files = (
				7842AF4B96BC6980DE9F098F /* Pods_Flickr_GalleryTests.framework in Frameworks */,
			);
			runOnlyForDeploymentPostprocessing = 0;
		};
		2FC19E22250FBBA300D205F8 /* Frameworks */ = {
			isa = PBXFrameworksBuildPhase;
			buildActionMask = 2147483647;
			files = (
				2D59C5FEC9E07EE187F12792 /* Pods_Flickr_GalleryUITests.framework in Frameworks */,
			);
			runOnlyForDeploymentPostprocessing = 0;
		};
/* End PBXFrameworksBuildPhase section */

/* Begin PBXGroup section */
		2F7953C8250FFCE700220D0D /* models */ = {
			isa = PBXGroup;
			children = (
				2F7953C9251000C100220D0D /* Photos.swift */,
				2F7953EC25102B1500220D0D /* PhotoSizes.swift */,
			);
			path = models;
			sourceTree = "<group>";
		};
		2F7953CD251004A300220D0D /* networking */ = {
			isa = PBXGroup;
			children = (
				2F7953E82510265000220D0D /* APIConstants.swift */,
				2F7953D6251006D900220D0D /* FlickrAPI.swift */,
				2F7953D2251005D200220D0D /* JSONDecoder.swift */,
				2F7953CE2510053900220D0D /* URLManager.swift */,
			);
			path = networking;
			sourceTree = "<group>";
		};
		2F7953DE25100ACB00220D0D /* services */ = {
			isa = PBXGroup;
			children = (
				2F7953DF25100AE200220D0D /* SearchService.swift */,
				2F7953F0251037E500220D0D /* PhotosService.swift */,
			);
			path = services;
			sourceTree = "<group>";
		};
		2F7953E325100B7900220D0D /* view-models */ = {
			isa = PBXGroup;
			children = (
				2F7953E425100B9C00220D0D /* SearchViewModel.swift */,
			);
			path = "view-models";
			sourceTree = "<group>";
		};
		2F7953F425103DBD00220D0D /* utils */ = {
			isa = PBXGroup;
			children = (
				2F7953F525103DE300220D0D /* Constants.swift */,
				2FCEF2C52510F54400D1D98F /* UIView+Extensions.swift */,
				2FCEF2D5251109BF00D1D98F /* UIColors+Extensions.swift */,
			);
			path = utils;
			sourceTree = "<group>";
		};
		2FC19DFB250FBB9300D205F8 = {
			isa = PBXGroup;
			children = (
				2FC19E06250FBB9300D205F8 /* Flickr Gallery */,
				2FC19E1D250FBBA300D205F8 /* Flickr GalleryTests */,
				2FC19E28250FBBA300D205F8 /* Flickr GalleryUITests */,
				2FC19E05250FBB9300D205F8 /* Products */,
				E107D20D6057FA3908DB0629 /* Pods */,
				95E6259C292A021E5A1637DF /* Frameworks */,
			);
			sourceTree = "<group>";
		};
		2FC19E05250FBB9300D205F8 /* Products */ = {
			isa = PBXGroup;
			children = (
				2FC19E04250FBB9300D205F8 /* Flickr Gallery.app */,
				2FC19E1A250FBBA300D205F8 /* Flickr GalleryTests.xctest */,
				2FC19E25250FBBA300D205F8 /* Flickr GalleryUITests.xctest */,
			);
			name = Products;
			sourceTree = "<group>";
		};
		2FC19E06250FBB9300D205F8 /* Flickr Gallery */ = {
			isa = PBXGroup;
			children = (
				2FC19E07250FBB9300D205F8 /* AppDelegate.swift */,
				2FC19E09250FBB9300D205F8 /* SceneDelegate.swift */,
				2FC19E15250FBBA200D205F8 /* Info.plist */,
				2F7953C8250FFCE700220D0D /* models */,
				2F7953CD251004A300220D0D /* networking */,
				2FC19E38250FC36E00D205F8 /* resources */,
				2F7953DE25100ACB00220D0D /* services */,
				2F7953F425103DBD00220D0D /* utils */,
				2FCEF2C02510F4FB00D1D98F /* views */,
				2FC19E37250FC35800D205F8 /* view-controllers */,
				2F7953E325100B7900220D0D /* view-models */,
			);
			path = "Flickr Gallery";
			sourceTree = "<group>";
		};
		2FC19E1D250FBBA300D205F8 /* Flickr GalleryTests */ = {
			isa = PBXGroup;
			children = (
				2FC19E1E250FBBA300D205F8 /* Flickr_GalleryTests.swift */,
				2FC19E20250FBBA300D205F8 /* Info.plist */,
			);
			path = "Flickr GalleryTests";
			sourceTree = "<group>";
		};
		2FC19E28250FBBA300D205F8 /* Flickr GalleryUITests */ = {
			isa = PBXGroup;
			children = (
				2FC19E29250FBBA300D205F8 /* Flickr_GalleryUITests.swift */,
				2FC19E2B250FBBA300D205F8 /* Info.plist */,
			);
			path = "Flickr GalleryUITests";
			sourceTree = "<group>";
		};
		2FC19E37250FC35800D205F8 /* view-controllers */ = {
			isa = PBXGroup;
			children = (
				2FC19E39250FC4C200D205F8 /* FlickrViewController.swift */,
				2F7953FA2510EDF400220D0D /* PhotoCollectionViewCell.swift */,
				2FCEF2D9251172A800D1D98F /* MainNavigationViewController.swift */,
			);
			path = "view-controllers";
			sourceTree = "<group>";
		};
		2FC19E38250FC36E00D205F8 /* resources */ = {
			isa = PBXGroup;
			children = (
				2FC19E10250FBBA200D205F8 /* Assets.xcassets */,
				2FC19E12250FBBA200D205F8 /* LaunchScreen.storyboard */,
				2F7953DA25100A4D00220D0D /* urls.json */,
				2FCEF2CD2510F91100D1D98F /* loading.json */,
			);
			path = resources;
			sourceTree = "<group>";
		};
		2FCEF2C02510F4FB00D1D98F /* views */ = {
			isa = PBXGroup;
			children = (
				2FCEF2C12510F53200D1D98F /* LoadingView.swift */,
				2FCEF2D1251108EE00D1D98F /* ErrorView.swift */,
			);
			path = views;
			sourceTree = "<group>";
		};
		95E6259C292A021E5A1637DF /* Frameworks */ = {
			isa = PBXGroup;
			children = (
				7E3C55D08E2090A1D70DF3DE /* Pods_Flickr_Gallery.framework */,
				1A2DCD81818D4A8E2BC49EC1 /* Pods_Flickr_GalleryTests.framework */,
				B52E137E1050DC6BAFA1B115 /* Pods_Flickr_GalleryUITests.framework */,
			);
			name = Frameworks;
			sourceTree = "<group>";
		};
		E107D20D6057FA3908DB0629 /* Pods */ = {
			isa = PBXGroup;
			children = (
				D61E0C069927F0F49822C8D4 /* Pods-Flickr Gallery.debug.xcconfig */,
				5E2A87B1161AE791D18E8682 /* Pods-Flickr Gallery.release.xcconfig */,
				1DD1D1BD35E685581C1B2993 /* Pods-Flickr GalleryTests.debug.xcconfig */,
				247A9A8E251A4C82FE1D191E /* Pods-Flickr GalleryTests.release.xcconfig */,
				0CC5E331C2C7F7839CEBE01F /* Pods-Flickr GalleryUITests.debug.xcconfig */,
				EF53B57FA4BC48D5A40FF6F5 /* Pods-Flickr GalleryUITests.release.xcconfig */,
			);
			path = Pods;
			sourceTree = "<group>";
		};
/* End PBXGroup section */

/* Begin PBXNativeTarget section */
		2FC19E03250FBB9300D205F8 /* Flickr Gallery */ = {
			isa = PBXNativeTarget;
			buildConfigurationList = 2FC19E2E250FBBA300D205F8 /* Build configuration list for PBXNativeTarget "Flickr Gallery" */;
			buildPhases = (
				8578B2CE12AA05760F82D3CA /* [CP] Check Pods Manifest.lock */,
				2FC19E00250FBB9300D205F8 /* Sources */,
				2FC19E01250FBB9300D205F8 /* Frameworks */,
				2FC19E02250FBB9300D205F8 /* Resources */,
				2E15450EB3100344B7560DD3 /* [CP] Embed Pods Frameworks */,
			);
			buildRules = (
			);
			dependencies = (
			);
			name = "Flickr Gallery";
			productName = "Flickr Gallery";
			productReference = 2FC19E04250FBB9300D205F8 /* Flickr Gallery.app */;
			productType = "com.apple.product-type.application";
		};
		2FC19E19250FBBA300D205F8 /* Flickr GalleryTests */ = {
			isa = PBXNativeTarget;
			buildConfigurationList = 2FC19E31250FBBA300D205F8 /* Build configuration list for PBXNativeTarget "Flickr GalleryTests" */;
			buildPhases = (
				F184316A4C412AC49C299A3A /* [CP] Check Pods Manifest.lock */,
				2FC19E16250FBBA300D205F8 /* Sources */,
				2FC19E17250FBBA300D205F8 /* Frameworks */,
				2FC19E18250FBBA300D205F8 /* Resources */,
				85CB5CDAB409CD876B952A68 /* [CP] Embed Pods Frameworks */,
			);
			buildRules = (
			);
			dependencies = (
				2FC19E1C250FBBA300D205F8 /* PBXTargetDependency */,
			);
			name = "Flickr GalleryTests";
			productName = "Flickr GalleryTests";
			productReference = 2FC19E1A250FBBA300D205F8 /* Flickr GalleryTests.xctest */;
			productType = "com.apple.product-type.bundle.unit-test";
		};
		2FC19E24250FBBA300D205F8 /* Flickr GalleryUITests */ = {
			isa = PBXNativeTarget;
			buildConfigurationList = 2FC19E34250FBBA300D205F8 /* Build configuration list for PBXNativeTarget "Flickr GalleryUITests" */;
			buildPhases = (
				F44589BCD4D6EAD852CC462C /* [CP] Check Pods Manifest.lock */,
				2FC19E21250FBBA300D205F8 /* Sources */,
				2FC19E22250FBBA300D205F8 /* Frameworks */,
				2FC19E23250FBBA300D205F8 /* Resources */,
				88F73E223D822D5CC20BE0A2 /* [CP] Embed Pods Frameworks */,
			);
			buildRules = (
			);
			dependencies = (
				2FC19E27250FBBA300D205F8 /* PBXTargetDependency */,
			);
			name = "Flickr GalleryUITests";
			productName = "Flickr GalleryUITests";
			productReference = 2FC19E25250FBBA300D205F8 /* Flickr GalleryUITests.xctest */;
			productType = "com.apple.product-type.bundle.ui-testing";
		};
/* End PBXNativeTarget section */

/* Begin PBXProject section */
		2FC19DFC250FBB9300D205F8 /* Project object */ = {
			isa = PBXProject;
			attributes = {
				LastSwiftUpdateCheck = 1170;
				LastUpgradeCheck = 1170;
				ORGANIZATIONNAME = "Matheus Holanda";
				TargetAttributes = {
					2FC19E03250FBB9300D205F8 = {
						CreatedOnToolsVersion = 11.7;
					};
					2FC19E19250FBBA300D205F8 = {
						CreatedOnToolsVersion = 11.7;
						TestTargetID = 2FC19E03250FBB9300D205F8;
					};
					2FC19E24250FBBA300D205F8 = {
						CreatedOnToolsVersion = 11.7;
						TestTargetID = 2FC19E03250FBB9300D205F8;
					};
				};
			};
			buildConfigurationList = 2FC19DFF250FBB9300D205F8 /* Build configuration list for PBXProject "Flickr Gallery" */;
			compatibilityVersion = "Xcode 9.3";
			developmentRegion = en;
			hasScannedForEncodings = 0;
			knownRegions = (
				en,
				Base,
			);
			mainGroup = 2FC19DFB250FBB9300D205F8;
			productRefGroup = 2FC19E05250FBB9300D205F8 /* Products */;
			projectDirPath = "";
			projectRoot = "";
			targets = (
				2FC19E03250FBB9300D205F8 /* Flickr Gallery */,
				2FC19E19250FBBA300D205F8 /* Flickr GalleryTests */,
				2FC19E24250FBBA300D205F8 /* Flickr GalleryUITests */,
			);
		};
/* End PBXProject section */

/* Begin PBXResourcesBuildPhase section */
		2FC19E02250FBB9300D205F8 /* Resources */ = {
			isa = PBXResourcesBuildPhase;
			buildActionMask = 2147483647;
			files = (
				2F7953DB25100A4D00220D0D /* urls.json in Resources */,
				2FC19E14250FBBA200D205F8 /* LaunchScreen.storyboard in Resources */,
				2FCEF2CE2510F91100D1D98F /* loading.json in Resources */,
				2FC19E11250FBBA200D205F8 /* Assets.xcassets in Resources */,
			);
			runOnlyForDeploymentPostprocessing = 0;
		};
		2FC19E18250FBBA300D205F8 /* Resources */ = {
			isa = PBXResourcesBuildPhase;
			buildActionMask = 2147483647;
			files = (
				2FCEF2CF2510F91100D1D98F /* loading.json in Resources */,
				2F7953DC25100A4D00220D0D /* urls.json in Resources */,
			);
			runOnlyForDeploymentPostprocessing = 0;
		};
		2FC19E23250FBBA300D205F8 /* Resources */ = {
			isa = PBXResourcesBuildPhase;
			buildActionMask = 2147483647;
			files = (
				2FCEF2D02510F91100D1D98F /* loading.json in Resources */,
				2F7953DD25100A4D00220D0D /* urls.json in Resources */,
			);
			runOnlyForDeploymentPostprocessing = 0;
		};
/* End PBXResourcesBuildPhase section */

/* Begin PBXShellScriptBuildPhase section */
		2E15450EB3100344B7560DD3 /* [CP] Embed Pods Frameworks */ = {
			isa = PBXShellScriptBuildPhase;
			buildActionMask = 2147483647;
			files = (
			);
			inputFileListPaths = (
				"${PODS_ROOT}/Target Support Files/Pods-Flickr Gallery/Pods-Flickr Gallery-frameworks-${CONFIGURATION}-input-files.xcfilelist",
			);
			name = "[CP] Embed Pods Frameworks";
			outputFileListPaths = (
				"${PODS_ROOT}/Target Support Files/Pods-Flickr Gallery/Pods-Flickr Gallery-frameworks-${CONFIGURATION}-output-files.xcfilelist",
			);
			runOnlyForDeploymentPostprocessing = 0;
			shellPath = /bin/sh;
			shellScript = "\"${PODS_ROOT}/Target Support Files/Pods-Flickr Gallery/Pods-Flickr Gallery-frameworks.sh\"\n";
			showEnvVarsInLog = 0;
		};
		8578B2CE12AA05760F82D3CA /* [CP] Check Pods Manifest.lock */ = {
			isa = PBXShellScriptBuildPhase;
			buildActionMask = 2147483647;
			files = (
			);
			inputFileListPaths = (
			);
			inputPaths = (
				"${PODS_PODFILE_DIR_PATH}/Podfile.lock",
				"${PODS_ROOT}/Manifest.lock",
			);
			name = "[CP] Check Pods Manifest.lock";
			outputFileListPaths = (
			);
			outputPaths = (
				"$(DERIVED_FILE_DIR)/Pods-Flickr Gallery-checkManifestLockResult.txt",
			);
			runOnlyForDeploymentPostprocessing = 0;
			shellPath = /bin/sh;
			shellScript = "diff \"${PODS_PODFILE_DIR_PATH}/Podfile.lock\" \"${PODS_ROOT}/Manifest.lock\" > /dev/null\nif [ $? != 0 ] ; then\n    # print error to STDERR\n    echo \"error: The sandbox is not in sync with the Podfile.lock. Run 'pod install' or update your CocoaPods installation.\" >&2\n    exit 1\nfi\n# This output is used by Xcode 'outputs' to avoid re-running this script phase.\necho \"SUCCESS\" > \"${SCRIPT_OUTPUT_FILE_0}\"\n";
			showEnvVarsInLog = 0;
		};
		85CB5CDAB409CD876B952A68 /* [CP] Embed Pods Frameworks */ = {
			isa = PBXShellScriptBuildPhase;
			buildActionMask = 2147483647;
			files = (
			);
			inputFileListPaths = (
				"${PODS_ROOT}/Target Support Files/Pods-Flickr GalleryTests/Pods-Flickr GalleryTests-frameworks-${CONFIGURATION}-input-files.xcfilelist",
			);
			name = "[CP] Embed Pods Frameworks";
			outputFileListPaths = (
				"${PODS_ROOT}/Target Support Files/Pods-Flickr GalleryTests/Pods-Flickr GalleryTests-frameworks-${CONFIGURATION}-output-files.xcfilelist",
			);
			runOnlyForDeploymentPostprocessing = 0;
			shellPath = /bin/sh;
			shellScript = "\"${PODS_ROOT}/Target Support Files/Pods-Flickr GalleryTests/Pods-Flickr GalleryTests-frameworks.sh\"\n";
			showEnvVarsInLog = 0;
		};
		88F73E223D822D5CC20BE0A2 /* [CP] Embed Pods Frameworks */ = {
			isa = PBXShellScriptBuildPhase;
			buildActionMask = 2147483647;
			files = (
			);
			inputFileListPaths = (
				"${PODS_ROOT}/Target Support Files/Pods-Flickr GalleryUITests/Pods-Flickr GalleryUITests-frameworks-${CONFIGURATION}-input-files.xcfilelist",
			);
			name = "[CP] Embed Pods Frameworks";
			outputFileListPaths = (
				"${PODS_ROOT}/Target Support Files/Pods-Flickr GalleryUITests/Pods-Flickr GalleryUITests-frameworks-${CONFIGURATION}-output-files.xcfilelist",
			);
			runOnlyForDeploymentPostprocessing = 0;
			shellPath = /bin/sh;
			shellScript = "\"${PODS_ROOT}/Target Support Files/Pods-Flickr GalleryUITests/Pods-Flickr GalleryUITests-frameworks.sh\"\n";
			showEnvVarsInLog = 0;
		};
		F184316A4C412AC49C299A3A /* [CP] Check Pods Manifest.lock */ = {
			isa = PBXShellScriptBuildPhase;
			buildActionMask = 2147483647;
			files = (
			);
			inputFileListPaths = (
			);
			inputPaths = (
				"${PODS_PODFILE_DIR_PATH}/Podfile.lock",
				"${PODS_ROOT}/Manifest.lock",
			);
			name = "[CP] Check Pods Manifest.lock";
			outputFileListPaths = (
			);
			outputPaths = (
				"$(DERIVED_FILE_DIR)/Pods-Flickr GalleryTests-checkManifestLockResult.txt",
			);
			runOnlyForDeploymentPostprocessing = 0;
			shellPath = /bin/sh;
			shellScript = "diff \"${PODS_PODFILE_DIR_PATH}/Podfile.lock\" \"${PODS_ROOT}/Manifest.lock\" > /dev/null\nif [ $? != 0 ] ; then\n    # print error to STDERR\n    echo \"error: The sandbox is not in sync with the Podfile.lock. Run 'pod install' or update your CocoaPods installation.\" >&2\n    exit 1\nfi\n# This output is used by Xcode 'outputs' to avoid re-running this script phase.\necho \"SUCCESS\" > \"${SCRIPT_OUTPUT_FILE_0}\"\n";
			showEnvVarsInLog = 0;
		};
		F44589BCD4D6EAD852CC462C /* [CP] Check Pods Manifest.lock */ = {
			isa = PBXShellScriptBuildPhase;
			buildActionMask = 2147483647;
			files = (
			);
			inputFileListPaths = (
			);
			inputPaths = (
				"${PODS_PODFILE_DIR_PATH}/Podfile.lock",
				"${PODS_ROOT}/Manifest.lock",
			);
			name = "[CP] Check Pods Manifest.lock";
			outputFileListPaths = (
			);
			outputPaths = (
				"$(DERIVED_FILE_DIR)/Pods-Flickr GalleryUITests-checkManifestLockResult.txt",
			);
			runOnlyForDeploymentPostprocessing = 0;
			shellPath = /bin/sh;
			shellScript = "diff \"${PODS_PODFILE_DIR_PATH}/Podfile.lock\" \"${PODS_ROOT}/Manifest.lock\" > /dev/null\nif [ $? != 0 ] ; then\n    # print error to STDERR\n    echo \"error: The sandbox is not in sync with the Podfile.lock. Run 'pod install' or update your CocoaPods installation.\" >&2\n    exit 1\nfi\n# This output is used by Xcode 'outputs' to avoid re-running this script phase.\necho \"SUCCESS\" > \"${SCRIPT_OUTPUT_FILE_0}\"\n";
			showEnvVarsInLog = 0;
		};
/* End PBXShellScriptBuildPhase section */

/* Begin PBXSourcesBuildPhase section */
		2FC19E00250FBB9300D205F8 /* Sources */ = {
			isa = PBXSourcesBuildPhase;
			buildActionMask = 2147483647;
			files = (
				2F7953D3251005D200220D0D /* JSONDecoder.swift in Sources */,
				2FCEF2D6251109BF00D1D98F /* UIColors+Extensions.swift in Sources */,
				2F7953D7251006D900220D0D /* FlickrAPI.swift in Sources */,
				2FCEF2DA251172A800D1D98F /* MainNavigationViewController.swift in Sources */,
				2F7953CA251000C100220D0D /* Photos.swift in Sources */,
				2FC19E08250FBB9300D205F8 /* AppDelegate.swift in Sources */,
				2FCEF2D2251108EE00D1D98F /* ErrorView.swift in Sources */,
				2F7953F1251037E500220D0D /* PhotosService.swift in Sources */,
				2F7953ED25102B1500220D0D /* PhotoSizes.swift in Sources */,
				2FCEF2C62510F54400D1D98F /* UIView+Extensions.swift in Sources */,
				2FC19E0A250FBB9300D205F8 /* SceneDelegate.swift in Sources */,
				2F7953F625103DE300220D0D /* Constants.swift in Sources */,
				2FCEF2C22510F53200D1D98F /* LoadingView.swift in Sources */,
				2F7953E025100AE200220D0D /* SearchService.swift in Sources */,
				2F7953E92510265000220D0D /* APIConstants.swift in Sources */,
				2F7953E525100B9C00220D0D /* SearchViewModel.swift in Sources */,
				2F7953FB2510EDF400220D0D /* PhotoCollectionViewCell.swift in Sources */,
				2F7953CF2510053900220D0D /* URLManager.swift in Sources */,
				2FC19E3A250FC4C200D205F8 /* FlickrViewController.swift in Sources */,
			);
			runOnlyForDeploymentPostprocessing = 0;
		};
		2FC19E16250FBBA300D205F8 /* Sources */ = {
			isa = PBXSourcesBuildPhase;
			buildActionMask = 2147483647;
			files = (
				2F7953CB251000C100220D0D /* Photos.swift in Sources */,
				2FCEF2DB251172A800D1D98F /* MainNavigationViewController.swift in Sources */,
				2F7953FC2510EDF400220D0D /* PhotoCollectionViewCell.swift in Sources */,
				2F7953EE25102B1500220D0D /* PhotoSizes.swift in Sources */,
				2F7953D02510053900220D0D /* URLManager.swift in Sources */,
				2F7953E625100B9C00220D0D /* SearchViewModel.swift in Sources */,
				2FCEF2D7251109BF00D1D98F /* UIColors+Extensions.swift in Sources */,
				2FCEF2C32510F53200D1D98F /* LoadingView.swift in Sources */,
				2F7953D8251006D900220D0D /* FlickrAPI.swift in Sources */,
				2F7953D4251005D200220D0D /* JSONDecoder.swift in Sources */,
				2F7953F2251037E500220D0D /* PhotosService.swift in Sources */,
				2F7953EA2510265000220D0D /* APIConstants.swift in Sources */,
				2F7953E125100AE200220D0D /* SearchService.swift in Sources */,
				2FC19E1F250FBBA300D205F8 /* Flickr_GalleryTests.swift in Sources */,
				2FCEF2C72510F54400D1D98F /* UIView+Extensions.swift in Sources */,
				2FC19E3B250FC4C200D205F8 /* FlickrViewController.swift in Sources */,
				2F7953F725103DE300220D0D /* Constants.swift in Sources */,
				2FCEF2D3251108EE00D1D98F /* ErrorView.swift in Sources */,
			);
			runOnlyForDeploymentPostprocessing = 0;
		};
		2FC19E21250FBBA300D205F8 /* Sources */ = {
			isa = PBXSourcesBuildPhase;
			buildActionMask = 2147483647;
			files = (
				2F7953CC251000C100220D0D /* Photos.swift in Sources */,
				2FCEF2DC251172A800D1D98F /* MainNavigationViewController.swift in Sources */,
				2F7953FD2510EDF400220D0D /* PhotoCollectionViewCell.swift in Sources */,
				2F7953EF25102B1500220D0D /* PhotoSizes.swift in Sources */,
				2F7953D12510053900220D0D /* URLManager.swift in Sources */,
				2F7953E725100B9C00220D0D /* SearchViewModel.swift in Sources */,
				2FCEF2D8251109BF00D1D98F /* UIColors+Extensions.swift in Sources */,
				2FCEF2C42510F53200D1D98F /* LoadingView.swift in Sources */,
				2F7953D9251006D900220D0D /* FlickrAPI.swift in Sources */,
				2F7953D5251005D200220D0D /* JSONDecoder.swift in Sources */,
				2F7953F3251037E500220D0D /* PhotosService.swift in Sources */,
				2F7953EB2510265000220D0D /* APIConstants.swift in Sources */,
				2F7953E225100AE200220D0D /* SearchService.swift in Sources */,
				2FC19E2A250FBBA300D205F8 /* Flickr_GalleryUITests.swift in Sources */,
				2FCEF2C82510F54400D1D98F /* UIView+Extensions.swift in Sources */,
				2FC19E3C250FC4C200D205F8 /* FlickrViewController.swift in Sources */,
				2F7953F825103DE300220D0D /* Constants.swift in Sources */,
				2FCEF2D4251108EE00D1D98F /* ErrorView.swift in Sources */,
			);
			runOnlyForDeploymentPostprocessing = 0;
		};
/* End PBXSourcesBuildPhase section */

/* Begin PBXTargetDependency section */
		2FC19E1C250FBBA300D205F8 /* PBXTargetDependency */ = {
			isa = PBXTargetDependency;
			target = 2FC19E03250FBB9300D205F8 /* Flickr Gallery */;
			targetProxy = 2FC19E1B250FBBA300D205F8 /* PBXContainerItemProxy */;
		};
		2FC19E27250FBBA300D205F8 /* PBXTargetDependency */ = {
			isa = PBXTargetDependency;
			target = 2FC19E03250FBB9300D205F8 /* Flickr Gallery */;
			targetProxy = 2FC19E26250FBBA300D205F8 /* PBXContainerItemProxy */;
		};
/* End PBXTargetDependency section */

/* Begin PBXVariantGroup section */
		2FC19E12250FBBA200D205F8 /* LaunchScreen.storyboard */ = {
			isa = PBXVariantGroup;
			children = (
				2FC19E13250FBBA200D205F8 /* Base */,
			);
			name = LaunchScreen.storyboard;
			sourceTree = "<group>";
		};
/* End PBXVariantGroup section */

/* Begin XCBuildConfiguration section */
		2FC19E2C250FBBA300D205F8 /* Debug */ = {
			isa = XCBuildConfiguration;
			buildSettings = {
				ALWAYS_SEARCH_USER_PATHS = NO;
				CLANG_ANALYZER_NONNULL = YES;
				CLANG_ANALYZER_NUMBER_OBJECT_CONVERSION = YES_AGGRESSIVE;
				CLANG_CXX_LANGUAGE_STANDARD = "gnu++14";
				CLANG_CXX_LIBRARY = "libc++";
				CLANG_ENABLE_MODULES = YES;
				CLANG_ENABLE_OBJC_ARC = YES;
				CLANG_ENABLE_OBJC_WEAK = YES;
				CLANG_WARN_BLOCK_CAPTURE_AUTORELEASING = YES;
				CLANG_WARN_BOOL_CONVERSION = YES;
				CLANG_WARN_COMMA = YES;
				CLANG_WARN_CONSTANT_CONVERSION = YES;
				CLANG_WARN_DEPRECATED_OBJC_IMPLEMENTATIONS = YES;
				CLANG_WARN_DIRECT_OBJC_ISA_USAGE = YES_ERROR;
				CLANG_WARN_DOCUMENTATION_COMMENTS = YES;
				CLANG_WARN_EMPTY_BODY = YES;
				CLANG_WARN_ENUM_CONVERSION = YES;
				CLANG_WARN_INFINITE_RECURSION = YES;
				CLANG_WARN_INT_CONVERSION = YES;
				CLANG_WARN_NON_LITERAL_NULL_CONVERSION = YES;
				CLANG_WARN_OBJC_IMPLICIT_RETAIN_SELF = YES;
				CLANG_WARN_OBJC_LITERAL_CONVERSION = YES;
				CLANG_WARN_OBJC_ROOT_CLASS = YES_ERROR;
				CLANG_WARN_RANGE_LOOP_ANALYSIS = YES;
				CLANG_WARN_STRICT_PROTOTYPES = YES;
				CLANG_WARN_SUSPICIOUS_MOVE = YES;
				CLANG_WARN_UNGUARDED_AVAILABILITY = YES_AGGRESSIVE;
				CLANG_WARN_UNREACHABLE_CODE = YES;
				CLANG_WARN__DUPLICATE_METHOD_MATCH = YES;
				COPY_PHASE_STRIP = NO;
				DEBUG_INFORMATION_FORMAT = dwarf;
				ENABLE_STRICT_OBJC_MSGSEND = YES;
				ENABLE_TESTABILITY = YES;
				GCC_C_LANGUAGE_STANDARD = gnu11;
				GCC_DYNAMIC_NO_PIC = NO;
				GCC_NO_COMMON_BLOCKS = YES;
				GCC_OPTIMIZATION_LEVEL = 0;
				GCC_PREPROCESSOR_DEFINITIONS = (
					"DEBUG=1",
					"$(inherited)",
				);
				GCC_WARN_64_TO_32_BIT_CONVERSION = YES;
				GCC_WARN_ABOUT_RETURN_TYPE = YES_ERROR;
				GCC_WARN_UNDECLARED_SELECTOR = YES;
				GCC_WARN_UNINITIALIZED_AUTOS = YES_AGGRESSIVE;
				GCC_WARN_UNUSED_FUNCTION = YES;
				GCC_WARN_UNUSED_VARIABLE = YES;
				IPHONEOS_DEPLOYMENT_TARGET = 13.7;
				MTL_ENABLE_DEBUG_INFO = INCLUDE_SOURCE;
				MTL_FAST_MATH = YES;
				ONLY_ACTIVE_ARCH = YES;
				SDKROOT = iphoneos;
				SWIFT_ACTIVE_COMPILATION_CONDITIONS = DEBUG;
				SWIFT_OPTIMIZATION_LEVEL = "-Onone";
			};
			name = Debug;
		};
		2FC19E2D250FBBA300D205F8 /* Release */ = {
			isa = XCBuildConfiguration;
			buildSettings = {
				ALWAYS_SEARCH_USER_PATHS = NO;
				CLANG_ANALYZER_NONNULL = YES;
				CLANG_ANALYZER_NUMBER_OBJECT_CONVERSION = YES_AGGRESSIVE;
				CLANG_CXX_LANGUAGE_STANDARD = "gnu++14";
				CLANG_CXX_LIBRARY = "libc++";
				CLANG_ENABLE_MODULES = YES;
				CLANG_ENABLE_OBJC_ARC = YES;
				CLANG_ENABLE_OBJC_WEAK = YES;
				CLANG_WARN_BLOCK_CAPTURE_AUTORELEASING = YES;
				CLANG_WARN_BOOL_CONVERSION = YES;
				CLANG_WARN_COMMA = YES;
				CLANG_WARN_CONSTANT_CONVERSION = YES;
				CLANG_WARN_DEPRECATED_OBJC_IMPLEMENTATIONS = YES;
				CLANG_WARN_DIRECT_OBJC_ISA_USAGE = YES_ERROR;
				CLANG_WARN_DOCUMENTATION_COMMENTS = YES;
				CLANG_WARN_EMPTY_BODY = YES;
				CLANG_WARN_ENUM_CONVERSION = YES;
				CLANG_WARN_INFINITE_RECURSION = YES;
				CLANG_WARN_INT_CONVERSION = YES;
				CLANG_WARN_NON_LITERAL_NULL_CONVERSION = YES;
				CLANG_WARN_OBJC_IMPLICIT_RETAIN_SELF = YES;
				CLANG_WARN_OBJC_LITERAL_CONVERSION = YES;
				CLANG_WARN_OBJC_ROOT_CLASS = YES_ERROR;
				CLANG_WARN_RANGE_LOOP_ANALYSIS = YES;
				CLANG_WARN_STRICT_PROTOTYPES = YES;
				CLANG_WARN_SUSPICIOUS_MOVE = YES;
				CLANG_WARN_UNGUARDED_AVAILABILITY = YES_AGGRESSIVE;
				CLANG_WARN_UNREACHABLE_CODE = YES;
				CLANG_WARN__DUPLICATE_METHOD_MATCH = YES;
				COPY_PHASE_STRIP = NO;
				DEBUG_INFORMATION_FORMAT = "dwarf-with-dsym";
				ENABLE_NS_ASSERTIONS = NO;
				ENABLE_STRICT_OBJC_MSGSEND = YES;
				GCC_C_LANGUAGE_STANDARD = gnu11;
				GCC_NO_COMMON_BLOCKS = YES;
				GCC_WARN_64_TO_32_BIT_CONVERSION = YES;
				GCC_WARN_ABOUT_RETURN_TYPE = YES_ERROR;
				GCC_WARN_UNDECLARED_SELECTOR = YES;
				GCC_WARN_UNINITIALIZED_AUTOS = YES_AGGRESSIVE;
				GCC_WARN_UNUSED_FUNCTION = YES;
				GCC_WARN_UNUSED_VARIABLE = YES;
				IPHONEOS_DEPLOYMENT_TARGET = 13.7;
				MTL_ENABLE_DEBUG_INFO = NO;
				MTL_FAST_MATH = YES;
				SDKROOT = iphoneos;
				SWIFT_COMPILATION_MODE = wholemodule;
				SWIFT_OPTIMIZATION_LEVEL = "-O";
				VALIDATE_PRODUCT = YES;
			};
			name = Release;
		};
		2FC19E2F250FBBA300D205F8 /* Debug */ = {
			isa = XCBuildConfiguration;
			baseConfigurationReference = D61E0C069927F0F49822C8D4 /* Pods-Flickr Gallery.debug.xcconfig */;
			buildSettings = {
				ALWAYS_EMBED_SWIFT_STANDARD_LIBRARIES = "$(inherited)";
				ASSETCATALOG_COMPILER_APPICON_NAME = AppIcon;
				CODE_SIGN_STYLE = Automatic;
				DEVELOPMENT_TEAM = Z47WFR3TL4;
				INFOPLIST_FILE = "Flickr Gallery/Info.plist";
				LD_RUNPATH_SEARCH_PATHS = (
					"$(inherited)",
					"@executable_path/Frameworks",
				);
				PRODUCT_BUNDLE_IDENTIFIER = "com.matheusholanda.Flickr-Gallery";
				PRODUCT_NAME = "$(TARGET_NAME)";
				SWIFT_VERSION = 5.0;
				TARGETED_DEVICE_FAMILY = "1,2";
			};
			name = Debug;
		};
		2FC19E30250FBBA300D205F8 /* Release */ = {
			isa = XCBuildConfiguration;
			baseConfigurationReference = 5E2A87B1161AE791D18E8682 /* Pods-Flickr Gallery.release.xcconfig */;
			buildSettings = {
				ALWAYS_EMBED_SWIFT_STANDARD_LIBRARIES = "$(inherited)";
				ASSETCATALOG_COMPILER_APPICON_NAME = AppIcon;
				CODE_SIGN_STYLE = Automatic;
				DEVELOPMENT_TEAM = Z47WFR3TL4;
				INFOPLIST_FILE = "Flickr Gallery/Info.plist";
				LD_RUNPATH_SEARCH_PATHS = (
					"$(inherited)",
					"@executable_path/Frameworks",
				);
				PRODUCT_BUNDLE_IDENTIFIER = "com.matheusholanda.Flickr-Gallery";
				PRODUCT_NAME = "$(TARGET_NAME)";
				SWIFT_VERSION = 5.0;
				TARGETED_DEVICE_FAMILY = "1,2";
			};
			name = Release;
		};
		2FC19E32250FBBA300D205F8 /* Debug */ = {
			isa = XCBuildConfiguration;
			baseConfigurationReference = 1DD1D1BD35E685581C1B2993 /* Pods-Flickr GalleryTests.debug.xcconfig */;
			buildSettings = {
				ALWAYS_EMBED_SWIFT_STANDARD_LIBRARIES = "$(inherited)";
				BUNDLE_LOADER = "$(TEST_HOST)";
				CODE_SIGN_STYLE = Automatic;
				DEVELOPMENT_TEAM = Z47WFR3TL4;
				INFOPLIST_FILE = "Flickr GalleryTests/Info.plist";
				IPHONEOS_DEPLOYMENT_TARGET = 13.7;
				LD_RUNPATH_SEARCH_PATHS = (
					"$(inherited)",
					"@executable_path/Frameworks",
					"@loader_path/Frameworks",
				);
				PRODUCT_BUNDLE_IDENTIFIER = "com.matheusholanda.Flickr-GalleryTests";
				PRODUCT_NAME = "$(TARGET_NAME)";
				SWIFT_VERSION = 5.0;
				TARGETED_DEVICE_FAMILY = "1,2";
				TEST_HOST = "$(BUILT_PRODUCTS_DIR)/Flickr Gallery.app/Flickr Gallery";
			};
			name = Debug;
		};
		2FC19E33250FBBA300D205F8 /* Release */ = {
			isa = XCBuildConfiguration;
			baseConfigurationReference = 247A9A8E251A4C82FE1D191E /* Pods-Flickr GalleryTests.release.xcconfig */;
			buildSettings = {
				ALWAYS_EMBED_SWIFT_STANDARD_LIBRARIES = "$(inherited)";
				BUNDLE_LOADER = "$(TEST_HOST)";
				CODE_SIGN_STYLE = Automatic;
				DEVELOPMENT_TEAM = Z47WFR3TL4;
				INFOPLIST_FILE = "Flickr GalleryTests/Info.plist";
				IPHONEOS_DEPLOYMENT_TARGET = 13.7;
				LD_RUNPATH_SEARCH_PATHS = (
					"$(inherited)",
					"@executable_path/Frameworks",
					"@loader_path/Frameworks",
				);
				PRODUCT_BUNDLE_IDENTIFIER = "com.matheusholanda.Flickr-GalleryTests";
				PRODUCT_NAME = "$(TARGET_NAME)";
				SWIFT_VERSION = 5.0;
				TARGETED_DEVICE_FAMILY = "1,2";
				TEST_HOST = "$(BUILT_PRODUCTS_DIR)/Flickr Gallery.app/Flickr Gallery";
			};
			name = Release;
		};
		2FC19E35250FBBA300D205F8 /* Debug */ = {
			isa = XCBuildConfiguration;
			baseConfigurationReference = 0CC5E331C2C7F7839CEBE01F /* Pods-Flickr GalleryUITests.debug.xcconfig */;
			buildSettings = {
				ALWAYS_EMBED_SWIFT_STANDARD_LIBRARIES = "$(inherited)";
				CODE_SIGN_STYLE = Automatic;
				DEVELOPMENT_TEAM = Z47WFR3TL4;
				INFOPLIST_FILE = "Flickr GalleryUITests/Info.plist";
				LD_RUNPATH_SEARCH_PATHS = (
					"$(inherited)",
					"@executable_path/Frameworks",
					"@loader_path/Frameworks",
				);
				PRODUCT_BUNDLE_IDENTIFIER = "com.matheusholanda.Flickr-GalleryUITests";
				PRODUCT_NAME = "$(TARGET_NAME)";
				SWIFT_VERSION = 5.0;
				TARGETED_DEVICE_FAMILY = "1,2";
				TEST_TARGET_NAME = "Flickr Gallery";
			};
			name = Debug;
		};
		2FC19E36250FBBA300D205F8 /* Release */ = {
			isa = XCBuildConfiguration;
			baseConfigurationReference = EF53B57FA4BC48D5A40FF6F5 /* Pods-Flickr GalleryUITests.release.xcconfig */;
			buildSettings = {
				ALWAYS_EMBED_SWIFT_STANDARD_LIBRARIES = "$(inherited)";
				CODE_SIGN_STYLE = Automatic;
				DEVELOPMENT_TEAM = Z47WFR3TL4;
				INFOPLIST_FILE = "Flickr GalleryUITests/Info.plist";
				LD_RUNPATH_SEARCH_PATHS = (
					"$(inherited)",
					"@executable_path/Frameworks",
					"@loader_path/Frameworks",
				);
				PRODUCT_BUNDLE_IDENTIFIER = "com.matheusholanda.Flickr-GalleryUITests";
				PRODUCT_NAME = "$(TARGET_NAME)";
				SWIFT_VERSION = 5.0;
				TARGETED_DEVICE_FAMILY = "1,2";
				TEST_TARGET_NAME = "Flickr Gallery";
			};
			name = Release;
		};
/* End XCBuildConfiguration section */

/* Begin XCConfigurationList section */
		2FC19DFF250FBB9300D205F8 /* Build configuration list for PBXProject "Flickr Gallery" */ = {
			isa = XCConfigurationList;
			buildConfigurations = (
				2FC19E2C250FBBA300D205F8 /* Debug */,
				2FC19E2D250FBBA300D205F8 /* Release */,
			);
			defaultConfigurationIsVisible = 0;
			defaultConfigurationName = Release;
		};
		2FC19E2E250FBBA300D205F8 /* Build configuration list for PBXNativeTarget "Flickr Gallery" */ = {
			isa = XCConfigurationList;
			buildConfigurations = (
				2FC19E2F250FBBA300D205F8 /* Debug */,
				2FC19E30250FBBA300D205F8 /* Release */,
			);
			defaultConfigurationIsVisible = 0;
			defaultConfigurationName = Release;
		};
		2FC19E31250FBBA300D205F8 /* Build configuration list for PBXNativeTarget "Flickr GalleryTests" */ = {
			isa = XCConfigurationList;
			buildConfigurations = (
				2FC19E32250FBBA300D205F8 /* Debug */,
				2FC19E33250FBBA300D205F8 /* Release */,
			);
			defaultConfigurationIsVisible = 0;
			defaultConfigurationName = Release;
		};
		2FC19E34250FBBA300D205F8 /* Build configuration list for PBXNativeTarget "Flickr GalleryUITests" */ = {
			isa = XCConfigurationList;
			buildConfigurations = (
				2FC19E35250FBBA300D205F8 /* Debug */,
				2FC19E36250FBBA300D205F8 /* Release */,
			);
			defaultConfigurationIsVisible = 0;
			defaultConfigurationName = Release;
		};
/* End XCConfigurationList section */
	};
	rootObject = 2FC19DFC250FBB9300D205F8 /* Project object */;
}
